
Microsoft Visual Studio Solution File, Format Version 12.00
# Visual Studio 15
VisualStudioVersion = 15.0.28307.329
MinimumVisualStudioVersion = 10.0.40219.1
Project("{FAE04EC0-301F-11D3-BF4B-00C04F79EFBC}") = "New Wrapper", "New Wrapper.csproj", "{EC4EC433-4973-4159-967D-43EA75DF73E5}"
EndProject
Global
	GlobalSection(SolutionConfigurationPlatforms) = preSolution
		Debug|Any CPU = Debug|Any CPU
		Release|Any CPU = Release|Any CPU
	EndGlobalSection
	GlobalSection(ProjectConfigurationPlatforms) = postSolution
		{EC4EC433-4973-4159-967D-43EA75DF73E5}.Debug|Any CPU.ActiveCfg = Debug|Any CPU
		{EC4EC433-4973-4159-967D-43EA75DF73E5}.Debug|Any CPU.Build.0 = Debug|Any CPU
		{EC4EC433-4973-4159-967D-43EA75DF73E5}.Release|Any CPU.ActiveCfg = Release|Any CPU
		{EC4EC433-4973-4159-967D-43EA75DF73E5}.Release|Any CPU.Build.0 = Release|Any CPU
	EndGlobalSection
	GlobalSection(SolutionProperties) = preSolution
		HideSolutionNode = FALSE
	EndGlobalSection
	GlobalSection(ExtensibilityGlobals) = postSolution
		SolutionGuid = {B663D1D0-55C1-4EBE-97C6-99A396647B2D}
	EndGlobalSection
EndGlobal
